
Microsoft Visual Studio Solution File, Format Version 12.00
# Visual Studio Version 17
VisualStudioVersion = 17.5.33627.172
MinimumVisualStudioVersion = 10.0.40219.1
Project("{FAE04EC0-301F-11D3-BF4B-00C04F79EFBC}") = "May18", "May18\May18.csproj", "{785E10D3-47A2-4724-BB87-61A110A85189}"
EndProject
Global
	GlobalSection(SolutionConfigurationPlatforms) = preSolution
		Debug|Any CPU = Debug|Any CPU
		Release|Any CPU = Release|Any CPU
	EndGlobalSection
	GlobalSection(ProjectConfigurationPlatforms) = postSolution
		{785E10D3-47A2-4724-BB87-61A110A85189}.Debug|Any CPU.ActiveCfg = Debug|Any CPU
		{785E10D3-47A2-4724-BB87-61A110A85189}.Debug|Any CPU.Build.0 = Debug|Any CPU
		{785E10D3-47A2-4724-BB87-61A110A85189}.Release|Any CPU.ActiveCfg = Release|Any CPU
		{785E10D3-47A2-4724-BB87-61A110A85189}.Release|Any CPU.Build.0 = Release|Any CPU
	EndGlobalSection
	GlobalSection(SolutionProperties) = preSolution
		HideSolutionNode = FALSE
	EndGlobalSection
	GlobalSection(ExtensibilityGlobals) = postSolution
		SolutionGuid = {01ABFF6C-1F9D-47C4-9C31-082FF629CB0D}
	EndGlobalSection
EndGlobal
